
Microsoft Visual Studio Solution File, Format Version 12.00
# Visual Studio Version 17
VisualStudioVersion = 17.8.34316.72
MinimumVisualStudioVersion = 10.0.40219.1
Project("{FAE04EC0-301F-11D3-BF4B-00C04F79EFBC}") = "NetInterfacesApp", "NetInterfacesApp\NetInterfacesApp.csproj", "{656A8CD7-CFAE-4259-869B-D29AF825E8CD}"
EndProject
Global
	GlobalSection(SolutionConfigurationPlatforms) = preSolution
		Debug|Any CPU = Debug|Any CPU
		Release|Any CPU = Release|Any CPU
	EndGlobalSection
	GlobalSection(ProjectConfigurationPlatforms) = postSolution
		{656A8CD7-CFAE-4259-869B-D29AF825E8CD}.Debug|Any CPU.ActiveCfg = Debug|Any CPU
		{656A8CD7-CFAE-4259-869B-D29AF825E8CD}.Debug|Any CPU.Build.0 = Debug|Any CPU
		{656A8CD7-CFAE-4259-869B-D29AF825E8CD}.Release|Any CPU.ActiveCfg = Release|Any CPU
		{656A8CD7-CFAE-4259-869B-D29AF825E8CD}.Release|Any CPU.Build.0 = Release|Any CPU
	EndGlobalSection
	GlobalSection(SolutionProperties) = preSolution
		HideSolutionNode = FALSE
	EndGlobalSection
	GlobalSection(ExtensibilityGlobals) = postSolution
		SolutionGuid = {34D91025-F048-4146-B8A0-6B39C54903EB}
	EndGlobalSection
EndGlobal
